{
  "name": "learn-uniapp",
  "version": "1.0.0",
  "lockfileVersion": 1,
  "requires": true,
  "dependencies": {
    "format-thousands": {
      "version": "1.1.1",
      "resolved": "https://registry.npm.taobao.org/format-thousands/download/format-thousands-1.1.1.tgz",
      "integrity": "sha1-eXW+4wM42QBjkNpYMdsLQcMj+/o="
    },
    "github-buttons": {
      "version": "2.14.1",
      "resolved": "https://registry.npm.taobao.org/github-buttons/download/github-buttons-2.14.1.tgz",
      "integrity": "sha1-VhdyReMoiSlJ3VmvWMantsUwrRQ="
    },
    "node-fetch": {
      "version": "2.6.1",
      "resolved": "https://registry.npm.taobao.org/node-fetch/download/node-fetch-2.6.1.tgz?cache=0&sync_timestamp=1599309198465&other_urls=https%3A%2F%2Fregistry.npm.taobao.org%2Fnode-fetch%2Fdownload%2Fnode-fetch-2.6.1.tgz",
      "integrity": "sha1-BFvTI2Mfdu0uK1VXM5RBa2OaAFI="
    },
    "opencollective-postinstall": {
      "version": "2.0.3",
      "resolved": "https://registry.npm.taobao.org/opencollective-postinstall/download/opencollective-postinstall-2.0.3.tgz",
      "integrity": "sha1-eg//l49tv6TQBiOPusmO1BmMMlk="
    },
    "tslib": {
      "version": "1.14.1",
      "resolved": "https://registry.npm.taobao.org/tslib/download/tslib-1.14.1.tgz?cache=0&sync_timestamp=1602286603545&other_urls=https%3A%2F%2Fregistry.npm.taobao.org%2Ftslib%2Fdownload%2Ftslib-1.14.1.tgz",
      "integrity": "sha1-zy04vcNKE0vK8QkcQfZhni9nLQA="
    },
    "vue": {
      "version": "2.6.12",
      "resolved": "https://registry.npm.taobao.org/vue/download/vue-2.6.12.tgz?cache=0&sync_timestamp=1606946460885&other_urls=https%3A%2F%2Fregistry.npm.taobao.org%2Fvue%2Fdownload%2Fvue-2.6.12.tgz",
      "integrity": "sha1-9evU+mvShpQD4pqJau1JBEVskSM="
    },
    "vue-github-button": {
      "version": "1.3.0",
      "resolved": "https://registry.npm.taobao.org/vue-github-button/download/vue-github-button-1.3.0.tgz",
      "integrity": "sha1-pNoxejuT0Fgkdos5FqDSL6kWA74=",
      "requires": {
        "github-buttons": "^2.8.0"
      }
    },
    "vue-github-buttons": {
      "version": "3.1.0",
      "resolved": "https://registry.npm.taobao.org/vue-github-buttons/download/vue-github-buttons-3.1.0.tgz",
      "integrity": "sha1-6uoroLfg31p/0cYbo32r91U915o=",
      "requires": {
        "format-thousands": "^1.1.1",
        "node-fetch": "^2.3.0",
        "tslib": "^1.9.3"
      }
    },
    "vue-material": {
      "version": "1.0.0-beta-15",
      "resolved": "https://registry.npm.taobao.org/vue-material/download/vue-material-1.0.0-beta-15.tgz",
      "integrity": "sha1-lJAlRk+P4v87m+K6E2XZ6rdwrYo=",
      "requires": {
        "opencollective-postinstall": "^2.0.2",
        "vue-github-button": "^1.2.0",
        "vue-github-buttons": "^3.1.0",
        "vue-toc": "0.0.1"
      }
    },
    "vue-toc": {
      "version": "0.0.1",
      "resolved": "https://registry.npm.taobao.org/vue-toc/download/vue-toc-0.0.1.tgz",
      "integrity": "sha1-ak36nBRERWeXBc17mRoac6wIDMA=",
      "requires": {
        "vue": "^2.6.10"
      }
    },
    "vuex": {
      "version": "3.6.0",
      "resolved": "https://registry.npm.taobao.org/vuex/download/vuex-3.6.0.tgz?cache=0&sync_timestamp=1606318163264&other_urls=https%3A%2F%2Fregistry.npm.taobao.org%2Fvuex%2Fdownload%2Fvuex-3.6.0.tgz",
      "integrity": "sha1-le+lalj3YHwTWwUzUIM6CeAaqBM="
    }
  }
}
